
Microsoft Visual Studio Solution File, Format Version 12.00
# Visual Studio Version 17
VisualStudioVersion = 17.2.32630.192
MinimumVisualStudioVersion = 10.0.40219.1
Project("{2150E333-8FDC-42A3-9474-1A3956D46DE8}") = "FrontEnd", "FrontEnd", "{F95D2265-6464-460A-BF88-AEB660CFF289}"
EndProject
Project("{9A19103F-16F7-4668-BE54-9A1E7A4F7556}") = "Mango.Web", "Mango.Web\Mango.Web.csproj", "{0EA4A9FE-ADFA-43AF-BCF9-C861D25F1960}"
EndProject
Project("{2150E333-8FDC-42A3-9474-1A3956D46DE8}") = "Services", "Services", "{B8D03678-0444-4F9F-AFA6-250BD520F150}"
EndProject
Project("{9A19103F-16F7-4668-BE54-9A1E7A4F7556}") = "Mango.Services.ProductAPI", "Mango.Services.ProductAPI\Mango.Services.ProductAPI.csproj", "{CA201BFE-EE0E-47F1-A2E1-324831217CD7}"
EndProject
Project("{9A19103F-16F7-4668-BE54-9A1E7A4F7556}") = "Mango.Services.Identity", "Mango.Services.Identity\Mango.Services.Identity.csproj", "{A1431D21-F7AE-46D8-95F5-754EE32F4309}"
EndProject
Project("{9A19103F-16F7-4668-BE54-9A1E7A4F7556}") = "Mango.Services.ShoppingCartAPI", "Mango.Services.ShoppingCartAPI\Mango.Services.ShoppingCartAPI.csproj", "{B49D16EA-746D-4C86-ACD0-5B19B6B49747}"
EndProject
Project("{9A19103F-16F7-4668-BE54-9A1E7A4F7556}") = "Mango.Services.CouponAPI", "Mango.Services.CouponAPI\Mango.Services.CouponAPI.csproj", "{A578A288-8B2D-4B5F-8F71-8C78460F93EB}"
EndProject
Project("{2150E333-8FDC-42A3-9474-1A3956D46DE8}") = "Integration", "Integration", "{39A034AB-88E0-4267-87B6-764A4736262C}"
EndProject
Project("{9A19103F-16F7-4668-BE54-9A1E7A4F7556}") = "Mango.MessageBus", "Mango.MessageBus\Mango.MessageBus.csproj", "{5E18BA07-8EF0-4962-9C6B-100B5ED3AF4C}"
EndProject
Project("{9A19103F-16F7-4668-BE54-9A1E7A4F7556}") = "Mango.Services.OrderAPI", "Mango.Services.OrderAPI\Mango.Services.OrderAPI.csproj", "{6E0439C6-4202-47FF-B952-9982931FB7C9}"
EndProject
Project("{2150E333-8FDC-42A3-9474-1A3956D46DE8}") = "Payments", "Payments", "{D7C89DC5-A6B6-46F4-9182-59A8883727B6}"
EndProject
Project("{9A19103F-16F7-4668-BE54-9A1E7A4F7556}") = "PaymentProcessor", "PaymentProcessor\PaymentProcessor.csproj", "{D1600607-67D3-45EA-9430-4A84641192D2}"
EndProject
Project("{FAE04EC0-301F-11D3-BF4B-00C04F79EFBC}") = "Mango.Services.PaymentAPI", "Mango.Services.PaymentAPI\Mango.Services.PaymentAPI.csproj", "{B5BB1250-089B-4C3E-BEA8-250E219AA3F0}"
EndProject
Project("{FAE04EC0-301F-11D3-BF4B-00C04F79EFBC}") = "Mango.Services.Email", "Mango.Services.Email\Mango.Services.Email.csproj", "{735F46EB-F07E-4A92-B419-BC070F50BE5C}"
EndProject
Project("{2150E333-8FDC-42A3-9474-1A3956D46DE8}") = "Gateway", "Gateway", "{9EEFD6E8-C4BB-429A-BDA8-947375628EC6}"
EndProject
Project("{FAE04EC0-301F-11D3-BF4B-00C04F79EFBC}") = "Mango.GatewaySolution", "Mango.GatewaySolution\Mango.GatewaySolution.csproj", "{119C3EA6-D36F-4903-BCE8-F43B924571D3}"
EndProject
Global
	GlobalSection(SolutionConfigurationPlatforms) = preSolution
		Debug|Any CPU = Debug|Any CPU
		Release|Any CPU = Release|Any CPU
	EndGlobalSection
	GlobalSection(ProjectConfigurationPlatforms) = postSolution
		{0EA4A9FE-ADFA-43AF-BCF9-C861D25F1960}.Debug|Any CPU.ActiveCfg = Debug|Any CPU
		{0EA4A9FE-ADFA-43AF-BCF9-C861D25F1960}.Debug|Any CPU.Build.0 = Debug|Any CPU
		{0EA4A9FE-ADFA-43AF-BCF9-C861D25F1960}.Release|Any CPU.ActiveCfg = Release|Any CPU
		{0EA4A9FE-ADFA-43AF-BCF9-C861D25F1960}.Release|Any CPU.Build.0 = Release|Any CPU
		{CA201BFE-EE0E-47F1-A2E1-324831217CD7}.Debug|Any CPU.ActiveCfg = Debug|Any CPU
		{CA201BFE-EE0E-47F1-A2E1-324831217CD7}.Debug|Any CPU.Build.0 = Debug|Any CPU
		{CA201BFE-EE0E-47F1-A2E1-324831217CD7}.Release|Any CPU.ActiveCfg = Release|Any CPU
		{CA201BFE-EE0E-47F1-A2E1-324831217CD7}.Release|Any CPU.Build.0 = Release|Any CPU
		{A1431D21-F7AE-46D8-95F5-754EE32F4309}.Debug|Any CPU.ActiveCfg = Debug|Any CPU
		{A1431D21-F7AE-46D8-95F5-754EE32F4309}.Debug|Any CPU.Build.0 = Debug|Any CPU
		{A1431D21-F7AE-46D8-95F5-754EE32F4309}.Release|Any CPU.ActiveCfg = Release|Any CPU
		{A1431D21-F7AE-46D8-95F5-754EE32F4309}.Release|Any CPU.Build.0 = Release|Any CPU
		{B49D16EA-746D-4C86-ACD0-5B19B6B49747}.Debug|Any CPU.ActiveCfg = Debug|Any CPU
		{B49D16EA-746D-4C86-ACD0-5B19B6B49747}.Debug|Any CPU.Build.0 = Debug|Any CPU
		{B49D16EA-746D-4C86-ACD0-5B19B6B49747}.Release|Any CPU.ActiveCfg = Release|Any CPU
		{B49D16EA-746D-4C86-ACD0-5B19B6B49747}.Release|Any CPU.Build.0 = Release|Any CPU
		{A578A288-8B2D-4B5F-8F71-8C78460F93EB}.Debug|Any CPU.ActiveCfg = Debug|Any CPU
		{A578A288-8B2D-4B5F-8F71-8C78460F93EB}.Debug|Any CPU.Build.0 = Debug|Any CPU
		{A578A288-8B2D-4B5F-8F71-8C78460F93EB}.Release|Any CPU.ActiveCfg = Release|Any CPU
		{A578A288-8B2D-4B5F-8F71-8C78460F93EB}.Release|Any CPU.Build.0 = Release|Any CPU
		{5E18BA07-8EF0-4962-9C6B-100B5ED3AF4C}.Debug|Any CPU.ActiveCfg = Debug|Any CPU
		{5E18BA07-8EF0-4962-9C6B-100B5ED3AF4C}.Debug|Any CPU.Build.0 = Debug|Any CPU
		{5E18BA07-8EF0-4962-9C6B-100B5ED3AF4C}.Release|Any CPU.ActiveCfg = Release|Any CPU
		{5E18BA07-8EF0-4962-9C6B-100B5ED3AF4C}.Release|Any CPU.Build.0 = Release|Any CPU
		{6E0439C6-4202-47FF-B952-9982931FB7C9}.Debug|Any CPU.ActiveCfg = Debug|Any CPU
		{6E0439C6-4202-47FF-B952-9982931FB7C9}.Debug|Any CPU.Build.0 = Debug|Any CPU
		{6E0439C6-4202-47FF-B952-9982931FB7C9}.Release|Any CPU.ActiveCfg = Release|Any CPU
		{6E0439C6-4202-47FF-B952-9982931FB7C9}.Release|Any CPU.Build.0 = Release|Any CPU
		{D1600607-67D3-45EA-9430-4A84641192D2}.Debug|Any CPU.ActiveCfg = Debug|Any CPU
		{D1600607-67D3-45EA-9430-4A84641192D2}.Debug|Any CPU.Build.0 = Debug|Any CPU
		{D1600607-67D3-45EA-9430-4A84641192D2}.Release|Any CPU.ActiveCfg = Release|Any CPU
		{D1600607-67D3-45EA-9430-4A84641192D2}.Release|Any CPU.Build.0 = Release|Any CPU
		{B5BB1250-089B-4C3E-BEA8-250E219AA3F0}.Debug|Any CPU.ActiveCfg = Debug|Any CPU
		{B5BB1250-089B-4C3E-BEA8-250E219AA3F0}.Debug|Any CPU.Build.0 = Debug|Any CPU
		{B5BB1250-089B-4C3E-BEA8-250E219AA3F0}.Release|Any CPU.ActiveCfg = Release|Any CPU
		{B5BB1250-089B-4C3E-BEA8-250E219AA3F0}.Release|Any CPU.Build.0 = Release|Any CPU
		{735F46EB-F07E-4A92-B419-BC070F50BE5C}.Debug|Any CPU.ActiveCfg = Debug|Any CPU
		{735F46EB-F07E-4A92-B419-BC070F50BE5C}.Debug|Any CPU.Build.0 = Debug|Any CPU
		{735F46EB-F07E-4A92-B419-BC070F50BE5C}.Release|Any CPU.ActiveCfg = Release|Any CPU
		{735F46EB-F07E-4A92-B419-BC070F50BE5C}.Release|Any CPU.Build.0 = Release|Any CPU
		{119C3EA6-D36F-4903-BCE8-F43B924571D3}.Debug|Any CPU.ActiveCfg = Debug|Any CPU
		{119C3EA6-D36F-4903-BCE8-F43B924571D3}.Debug|Any CPU.Build.0 = Debug|Any CPU
		{119C3EA6-D36F-4903-BCE8-F43B924571D3}.Release|Any CPU.ActiveCfg = Release|Any CPU
		{119C3EA6-D36F-4903-BCE8-F43B924571D3}.Release|Any CPU.Build.0 = Release|Any CPU
	EndGlobalSection
	GlobalSection(SolutionProperties) = preSolution
		HideSolutionNode = FALSE
	EndGlobalSection
	GlobalSection(NestedProjects) = preSolution
		{0EA4A9FE-ADFA-43AF-BCF9-C861D25F1960} = {F95D2265-6464-460A-BF88-AEB660CFF289}
		{CA201BFE-EE0E-47F1-A2E1-324831217CD7} = {B8D03678-0444-4F9F-AFA6-250BD520F150}
		{A1431D21-F7AE-46D8-95F5-754EE32F4309} = {B8D03678-0444-4F9F-AFA6-250BD520F150}
		{B49D16EA-746D-4C86-ACD0-5B19B6B49747} = {B8D03678-0444-4F9F-AFA6-250BD520F150}
		{A578A288-8B2D-4B5F-8F71-8C78460F93EB} = {B8D03678-0444-4F9F-AFA6-250BD520F150}
		{5E18BA07-8EF0-4962-9C6B-100B5ED3AF4C} = {39A034AB-88E0-4267-87B6-764A4736262C}
		{6E0439C6-4202-47FF-B952-9982931FB7C9} = {B8D03678-0444-4F9F-AFA6-250BD520F150}
		{D1600607-67D3-45EA-9430-4A84641192D2} = {D7C89DC5-A6B6-46F4-9182-59A8883727B6}
		{B5BB1250-089B-4C3E-BEA8-250E219AA3F0} = {B8D03678-0444-4F9F-AFA6-250BD520F150}
		{735F46EB-F07E-4A92-B419-BC070F50BE5C} = {B8D03678-0444-4F9F-AFA6-250BD520F150}
		{119C3EA6-D36F-4903-BCE8-F43B924571D3} = {9EEFD6E8-C4BB-429A-BDA8-947375628EC6}
	EndGlobalSection
	GlobalSection(ExtensibilityGlobals) = postSolution
		SolutionGuid = {302CA429-E943-4851-9ADB-CA2520BF6149}
	EndGlobalSection
EndGlobal
